// !$*UTF8*$!
{
	archiveVersion = 1;
	classes = {
	};
	objectVersion = 50;
	objects = {

/* Begin PBXBuildFile section */
		24E9150D217ED1DF0022A330 /* AvenueX-Regular.otf in Resources */ = {isa = PBXBuildFile; fileRef = 24E9150C217ED1DF0022A330 /* AvenueX-Regular.otf */; };
		A02F87F420B4EE4C00F7605E /* Scanner.swift in Sources */ = {isa = PBXBuildFile; fileRef = A02F87F320B4EE4C00F7605E /* Scanner.swift */; };
		A0E56AC420B4C861005C11B7 /* AppDelegate.swift in Sources */ = {isa = PBXBuildFile; fileRef = A0E56AC320B4C861005C11B7 /* AppDelegate.swift */; };
		A0E56AC620B4C861005C11B7 /* Generator.swift in Sources */ = {isa = PBXBuildFile; fileRef = A0E56AC520B4C861005C11B7 /* Generator.swift */; };
		A0E56AC920B4C861005C11B7 /* Main.storyboard in Resources */ = {isa = PBXBuildFile; fileRef = A0E56AC720B4C861005C11B7 /* Main.storyboard */; };
		A0E56ACB20B4C862005C11B7 /* Assets.xcassets in Resources */ = {isa = PBXBuildFile; fileRef = A0E56ACA20B4C862005C11B7 /* Assets.xcassets */; };
		A0E56ACE20B4C862005C11B7 /* LaunchScreen.storyboard in Resources */ = {isa = PBXBuildFile; fileRef = A0E56ACC20B4C862005C11B7 /* LaunchScreen.storyboard */; };
		A0E56AD920B4C862005C11B7 /* QR_Code_CreatorTests.swift in Sources */ = {isa = PBXBuildFile; fileRef = A0E56AD820B4C862005C11B7 /* QR_Code_CreatorTests.swift */; };
		A0E56AE420B4C862005C11B7 /* QR_Code_CreatorUITests.swift in Sources */ = {isa = PBXBuildFile; fileRef = A0E56AE320B4C862005C11B7 /* QR_Code_CreatorUITests.swift */; };
/* End PBXBuildFile section */

/* Begin PBXContainerItemProxy section */
		A0E56AD520B4C862005C11B7 /* PBXContainerItemProxy */ = {
			isa = PBXContainerItemProxy;
			containerPortal = A0E56AB820B4C860005C11B7 /* Project object */;
			proxyType = 1;
			remoteGlobalIDString = A0E56ABF20B4C860005C11B7;
			remoteInfo = "QR Code Creator";
		};
		A0E56AE020B4C862005C11B7 /* PBXContainerItemProxy */ = {
			isa = PBXContainerItemProxy;
			containerPortal = A0E56AB820B4C860005C11B7 /* Project object */;
			proxyType = 1;
			remoteGlobalIDString = A0E56ABF20B4C860005C11B7;
			remoteInfo = "QR Code Creator";
		};
/* End PBXContainerItemProxy section */

/* Begin PBXFileReference section */
		24E9150C217ED1DF0022A330 /* AvenueX-Regular.otf */ = {isa = PBXFileReference; lastKnownFileType = file; path = "AvenueX-Regular.otf"; sourceTree = "<group>"; };
		A02F87F320B4EE4C00F7605E /* Scanner.swift */ = {isa = PBXFileReference; lastKnownFileType = sourcecode.swift; path = Scanner.swift; sourceTree = "<group>"; };
		A0E56AC020B4C860005C11B7 /* QR Code Creator.app */ = {isa = PBXFileReference; explicitFileType = wrapper.application; includeInIndex = 0; path = "QR Code Creator.app"; sourceTree = BUILT_PRODUCTS_DIR; };
		A0E56AC320B4C861005C11B7 /* AppDelegate.swift */ = {isa = PBXFileReference; lastKnownFileType = sourcecode.swift; path = AppDelegate.swift; sourceTree = "<group>"; };
		A0E56AC520B4C861005C11B7 /* Generator.swift */ = {isa = PBXFileReference; lastKnownFileType = sourcecode.swift; path = Generator.swift; sourceTree = "<group>"; };
		A0E56AC820B4C861005C11B7 /* Base */ = {isa = PBXFileReference; lastKnownFileType = file.storyboard; name = Base; path = Base.lproj/Main.storyboard; sourceTree = "<group>"; };
		A0E56ACA20B4C862005C11B7 /* Assets.xcassets */ = {isa = PBXFileReference; lastKnownFileType = folder.assetcatalog; path = Assets.xcassets; sourceTree = "<group>"; };
		A0E56ACD20B4C862005C11B7 /* Base */ = {isa = PBXFileReference; lastKnownFileType = file.storyboard; name = Base; path = Base.lproj/LaunchScreen.storyboard; sourceTree = "<group>"; };
		A0E56ACF20B4C862005C11B7 /* Info.plist */ = {isa = PBXFileReference; lastKnownFileType = text.plist.xml; path = Info.plist; sourceTree = "<group>"; };
		A0E56AD420B4C862005C11B7 /* QR Code CreatorTests.xctest */ = {isa = PBXFileReference; explicitFileType = wrapper.cfbundle; includeInIndex = 0; path = "QR Code CreatorTests.xctest"; sourceTree = BUILT_PRODUCTS_DIR; };
		A0E56AD820B4C862005C11B7 /* QR_Code_CreatorTests.swift */ = {isa = PBXFileReference; lastKnownFileType = sourcecode.swift; path = QR_Code_CreatorTests.swift; sourceTree = "<group>"; };
		A0E56ADA20B4C862005C11B7 /* Info.plist */ = {isa = PBXFileReference; lastKnownFileType = text.plist.xml; path = Info.plist; sourceTree = "<group>"; };
		A0E56ADF20B4C862005C11B7 /* QR Code CreatorUITests.xctest */ = {isa = PBXFileReference; explicitFileType = wrapper.cfbundle; includeInIndex = 0; path = "QR Code CreatorUITests.xctest"; sourceTree = BUILT_PRODUCTS_DIR; };
		A0E56AE320B4C862005C11B7 /* QR_Code_CreatorUITests.swift */ = {isa = PBXFileReference; lastKnownFileType = sourcecode.swift; path = QR_Code_CreatorUITests.swift; sourceTree = "<group>"; };
		A0E56AE520B4C862005C11B7 /* Info.plist */ = {isa = PBXFileReference; lastKnownFileType = text.plist.xml; path = Info.plist; sourceTree = "<group>"; };
/* End PBXFileReference section */

/* Begin PBXFrameworksBuildPhase section */
		A0E56ABD20B4C860005C11B7 /* Frameworks */ = {
			isa = PBXFrameworksBuildPhase;
			buildActionMask = 2147483647;
			files = (
			);
			runOnlyForDeploymentPostprocessing = 0;
		};
		A0E56AD120B4C862005C11B7 /* Frameworks */ = {
			isa = PBXFrameworksBuildPhase;
			buildActionMask = 2147483647;
			files = (
			);
			runOnlyForDeploymentPostprocessing = 0;
		};
		A0E56ADC20B4C862005C11B7 /* Frameworks */ = {
			isa = PBXFrameworksBuildPhase;
			buildActionMask = 2147483647;
			files = (
			);
			runOnlyForDeploymentPostprocessing = 0;
		};
/* End PBXFrameworksBuildPhase section */

/* Begin PBXGroup section */
		24E91509217ED1C50022A330 /* Fonts */ = {
			isa = PBXGroup;
			children = (
				24E9150C217ED1DF0022A330 /* AvenueX-Regular.otf */,
			);
			path = Fonts;
			sourceTree = "<group>";
		};
		A0E56AB720B4C860005C11B7 = {
			isa = PBXGroup;
			children = (
				A0E56AC220B4C860005C11B7 /* QR Code Creator */,
				A0E56AD720B4C862005C11B7 /* QR Code CreatorTests */,
				A0E56AE220B4C862005C11B7 /* QR Code CreatorUITests */,
				A0E56AC120B4C860005C11B7 /* Products */,
			);
			sourceTree = "<group>";
		};
		A0E56AC120B4C860005C11B7 /* Products */ = {
			isa = PBXGroup;
			children = (
				A0E56AC020B4C860005C11B7 /* QR Code Creator.app */,
				A0E56AD420B4C862005C11B7 /* QR Code CreatorTests.xctest */,
				A0E56ADF20B4C862005C11B7 /* QR Code CreatorUITests.xctest */,
			);
			name = Products;
			sourceTree = "<group>";
		};
		A0E56AC220B4C860005C11B7 /* QR Code Creator */ = {
			isa = PBXGroup;
			children = (
				A0E56AC320B4C861005C11B7 /* AppDelegate.swift */,
				A0E56AC520B4C861005C11B7 /* Generator.swift */,
				A02F87F320B4EE4C00F7605E /* Scanner.swift */,
				A0E56AC720B4C861005C11B7 /* Main.storyboard */,
				A0E56ACA20B4C862005C11B7 /* Assets.xcassets */,
				24E91509217ED1C50022A330 /* Fonts */,
				A0E56ACC20B4C862005C11B7 /* LaunchScreen.storyboard */,
				A0E56ACF20B4C862005C11B7 /* Info.plist */,
			);
			path = "QR Code Creator";
			sourceTree = "<group>";
		};
		A0E56AD720B4C862005C11B7 /* QR Code CreatorTests */ = {
			isa = PBXGroup;
			children = (
				A0E56AD820B4C862005C11B7 /* QR_Code_CreatorTests.swift */,
				A0E56ADA20B4C862005C11B7 /* Info.plist */,
			);
			path = "QR Code CreatorTests";
			sourceTree = "<group>";
		};
		A0E56AE220B4C862005C11B7 /* QR Code CreatorUITests */ = {
			isa = PBXGroup;
			children = (
				A0E56AE320B4C862005C11B7 /* QR_Code_CreatorUITests.swift */,
				A0E56AE520B4C862005C11B7 /* Info.plist */,
			);
			path = "QR Code CreatorUITests";
			sourceTree = "<group>";
		};
/* End PBXGroup section */

/* Begin PBXNativeTarget section */
		A0E56ABF20B4C860005C11B7 /* QR Code Creator */ = {
			isa = PBXNativeTarget;
			buildConfigurationList = A0E56AE820B4C862005C11B7 /* Build configuration list for PBXNativeTarget "QR Code Creator" */;
			buildPhases = (
				A0E56ABC20B4C860005C11B7 /* Sources */,
				A0E56ABD20B4C860005C11B7 /* Frameworks */,
				A0E56ABE20B4C860005C11B7 /* Resources */,
			);
			buildRules = (
			);
			dependencies = (
			);
			name = "QR Code Creator";
			productName = "QR Code Creator";
			productReference = A0E56AC020B4C860005C11B7 /* QR Code Creator.app */;
			productType = "com.apple.product-type.application";
		};
		A0E56AD320B4C862005C11B7 /* QR Code CreatorTests */ = {
			isa = PBXNativeTarget;
			buildConfigurationList = A0E56AEB20B4C862005C11B7 /* Build configuration list for PBXNativeTarget "QR Code CreatorTests" */;
			buildPhases = (
				A0E56AD020B4C862005C11B7 /* Sources */,
				A0E56AD120B4C862005C11B7 /* Frameworks */,
				A0E56AD220B4C862005C11B7 /* Resources */,
			);
			buildRules = (
			);
			dependencies = (
				A0E56AD620B4C862005C11B7 /* PBXTargetDependency */,
			);
			name = "QR Code CreatorTests";
			productName = "QR Code CreatorTests";
			productReference = A0E56AD420B4C862005C11B7 /* QR Code CreatorTests.xctest */;
			productType = "com.apple.product-type.bundle.unit-test";
		};
		A0E56ADE20B4C862005C11B7 /* QR Code CreatorUITests */ = {
			isa = PBXNativeTarget;
			buildConfigurationList = A0E56AEE20B4C862005C11B7 /* Build configuration list for PBXNativeTarget "QR Code CreatorUITests" */;
			buildPhases = (
				A0E56ADB20B4C862005C11B7 /* Sources */,
				A0E56ADC20B4C862005C11B7 /* Frameworks */,
				A0E56ADD20B4C862005C11B7 /* Resources */,
			);
			buildRules = (
			);
			dependencies = (
				A0E56AE120B4C862005C11B7 /* PBXTargetDependency */,
			);
			name = "QR Code CreatorUITests";
			productName = "QR Code CreatorUITests";
			productReference = A0E56ADF20B4C862005C11B7 /* QR Code CreatorUITests.xctest */;
			productType = "com.apple.product-type.bundle.ui-testing";
		};
/* End PBXNativeTarget section */

/* Begin PBXProject section */
		A0E56AB820B4C860005C11B7 /* Project object */ = {
			isa = PBXProject;
			attributes = {
				LastSwiftUpdateCheck = 0930;
				LastUpgradeCheck = 0930;
				ORGANIZATIONNAME = "Emmett Shaughnessy";
				TargetAttributes = {
					A0E56ABF20B4C860005C11B7 = {
						CreatedOnToolsVersion = 9.3.1;
					};
					A0E56AD320B4C862005C11B7 = {
						CreatedOnToolsVersion = 9.3.1;
						TestTargetID = A0E56ABF20B4C860005C11B7;
					};
					A0E56ADE20B4C862005C11B7 = {
						CreatedOnToolsVersion = 9.3.1;
						TestTargetID = A0E56ABF20B4C860005C11B7;
					};
				};
			};
			buildConfigurationList = A0E56ABB20B4C860005C11B7 /* Build configuration list for PBXProject "QR Code Creator" */;
			compatibilityVersion = "Xcode 9.3";
			developmentRegion = en;
			hasScannedForEncodings = 0;
			knownRegions = (
				en,
				Base,
			);
			mainGroup = A0E56AB720B4C860005C11B7;
			productRefGroup = A0E56AC120B4C860005C11B7 /* Products */;
			projectDirPath = "";
			projectRoot = "";
			targets = (
				A0E56ABF20B4C860005C11B7 /* QR Code Creator */,
				A0E56AD320B4C862005C11B7 /* QR Code CreatorTests */,
				A0E56ADE20B4C862005C11B7 /* QR Code CreatorUITests */,
			);
		};
/* End PBXProject section */

/* Begin PBXResourcesBuildPhase section */
		A0E56ABE20B4C860005C11B7 /* Resources */ = {
			isa = PBXResourcesBuildPhase;
			buildActionMask = 2147483647;
			files = (
				A0E56ACE20B4C862005C11B7 /* LaunchScreen.storyboard in Resources */,
				24E9150D217ED1DF0022A330 /* AvenueX-Regular.otf in Resources */,
				A0E56ACB20B4C862005C11B7 /* Assets.xcassets in Resources */,
				A0E56AC920B4C861005C11B7 /* Main.storyboard in Resources */,
			);
			runOnlyForDeploymentPostprocessing = 0;
		};
		A0E56AD220B4C862005C11B7 /* Resources */ = {
			isa = PBXResourcesBuildPhase;
			buildActionMask = 2147483647;
			files = (
			);
			runOnlyForDeploymentPostprocessing = 0;
		};
		A0E56ADD20B4C862005C11B7 /* Resources */ = {
			isa = PBXResourcesBuildPhase;
			buildActionMask = 2147483647;
			files = (
			);
			runOnlyForDeploymentPostprocessing = 0;
		};
/* End PBXResourcesBuildPhase section */

/* Begin PBXSourcesBuildPhase section */
		A0E56ABC20B4C860005C11B7 /* Sources */ = {
			isa = PBXSourcesBuildPhase;
			buildActionMask = 2147483647;
			files = (
				A0E56AC620B4C861005C11B7 /* Generator.swift in Sources */,
				A02F87F420B4EE4C00F7605E /* Scanner.swift in Sources */,
				A0E56AC420B4C861005C11B7 /* AppDelegate.swift in Sources */,
			);
			runOnlyForDeploymentPostprocessing = 0;
		};
		A0E56AD020B4C862005C11B7 /* Sources */ = {
			isa = PBXSourcesBuildPhase;
			buildActionMask = 2147483647;
			files = (
				A0E56AD920B4C862005C11B7 /* QR_Code_CreatorTests.swift in Sources */,
			);
			runOnlyForDeploymentPostprocessing = 0;
		};
		A0E56ADB20B4C862005C11B7 /* Sources */ = {
			isa = PBXSourcesBuildPhase;
			buildActionMask = 2147483647;
			files = (
				A0E56AE420B4C862005C11B7 /* QR_Code_CreatorUITests.swift in Sources */,
			);
			runOnlyForDeploymentPostprocessing = 0;
		};
/* End PBXSourcesBuildPhase section */

/* Begin PBXTargetDependency section */
		A0E56AD620B4C862005C11B7 /* PBXTargetDependency */ = {
			isa = PBXTargetDependency;
			target = A0E56ABF20B4C860005C11B7 /* QR Code Creator */;
			targetProxy = A0E56AD520B4C862005C11B7 /* PBXContainerItemProxy */;
		};
		A0E56AE120B4C862005C11B7 /* PBXTargetDependency */ = {
			isa = PBXTargetDependency;
			target = A0E56ABF20B4C860005C11B7 /* QR Code Creator */;
			targetProxy = A0E56AE020B4C862005C11B7 /* PBXContainerItemProxy */;
		};
/* End PBXTargetDependency section */

/* Begin PBXVariantGroup section */
		A0E56AC720B4C861005C11B7 /* Main.storyboard */ = {
			isa = PBXVariantGroup;
			children = (
				A0E56AC820B4C861005C11B7 /* Base */,
			);
			name = Main.storyboard;
			sourceTree = "<group>";
		};
		A0E56ACC20B4C862005C11B7 /* LaunchScreen.storyboard */ = {
			isa = PBXVariantGroup;
			children = (
				A0E56ACD20B4C862005C11B7 /* Base */,
			);
			name = LaunchScreen.storyboard;
			sourceTree = "<group>";
		};
/* End PBXVariantGroup section */

/* Begin XCBuildConfiguration section */
		A0E56AE620B4C862005C11B7 /* Debug */ = {
			isa = XCBuildConfiguration;
			buildSettings = {
				ALWAYS_SEARCH_USER_PATHS = NO;
				CLANG_ANALYZER_NONNULL = YES;
				CLANG_ANALYZER_NUMBER_OBJECT_CONVERSION = YES_AGGRESSIVE;
				CLANG_CXX_LANGUAGE_STANDARD = "gnu++14";
				CLANG_CXX_LIBRARY = "libc++";
				CLANG_ENABLE_MODULES = YES;
				CLANG_ENABLE_OBJC_ARC = YES;
				CLANG_ENABLE_OBJC_WEAK = YES;
				CLANG_WARN_BLOCK_CAPTURE_AUTORELEASING = YES;
				CLANG_WARN_BOOL_CONVERSION = YES;
				CLANG_WARN_COMMA = YES;
				CLANG_WARN_CONSTANT_CONVERSION = YES;
				CLANG_WARN_DEPRECATED_OBJC_IMPLEMENTATIONS = YES;
				CLANG_WARN_DIRECT_OBJC_ISA_USAGE = YES_ERROR;
				CLANG_WARN_DOCUMENTATION_COMMENTS = YES;
				CLANG_WARN_EMPTY_BODY = YES;
				CLANG_WARN_ENUM_CONVERSION = YES;
				CLANG_WARN_INFINITE_RECURSION = YES;
				CLANG_WARN_INT_CONVERSION = YES;
				CLANG_WARN_NON_LITERAL_NULL_CONVERSION = YES;
				CLANG_WARN_OBJC_IMPLICIT_RETAIN_SELF = YES;
				CLANG_WARN_OBJC_LITERAL_CONVERSION = YES;
				CLANG_WARN_OBJC_ROOT_CLASS = YES_ERROR;
				CLANG_WARN_RANGE_LOOP_ANALYSIS = YES;
				CLANG_WARN_STRICT_PROTOTYPES = YES;
				CLANG_WARN_SUSPICIOUS_MOVE = YES;
				CLANG_WARN_UNGUARDED_AVAILABILITY = YES_AGGRESSIVE;
				CLANG_WARN_UNREACHABLE_CODE = YES;
				CLANG_WARN__DUPLICATE_METHOD_MATCH = YES;
				CODE_SIGN_IDENTITY = "iPhone Developer";
				COPY_PHASE_STRIP = NO;
				DEBUG_INFORMATION_FORMAT = dwarf;
				ENABLE_STRICT_OBJC_MSGSEND = YES;
				ENABLE_TESTABILITY = YES;
				GCC_C_LANGUAGE_STANDARD = gnu11;
				GCC_DYNAMIC_NO_PIC = NO;
				GCC_NO_COMMON_BLOCKS = YES;
				GCC_OPTIMIZATION_LEVEL = 0;
				GCC_PREPROCESSOR_DEFINITIONS = (
					"DEBUG=1",
					"$(inherited)",
				);
				GCC_WARN_64_TO_32_BIT_CONVERSION = YES;
				GCC_WARN_ABOUT_RETURN_TYPE = YES_ERROR;
				GCC_WARN_UNDECLARED_SELECTOR = YES;
				GCC_WARN_UNINITIALIZED_AUTOS = YES_AGGRESSIVE;
				GCC_WARN_UNUSED_FUNCTION = YES;
				GCC_WARN_UNUSED_VARIABLE = YES;
				IPHONEOS_DEPLOYMENT_TARGET = 11.3;
				MTL_ENABLE_DEBUG_INFO = YES;
				ONLY_ACTIVE_ARCH = YES;
				SDKROOT = iphoneos;
				SWIFT_ACTIVE_COMPILATION_CONDITIONS = DEBUG;
				SWIFT_OPTIMIZATION_LEVEL = "-Onone";
			};
			name = Debug;
		};
		A0E56AE720B4C862005C11B7 /* Release */ = {
			isa = XCBuildConfiguration;
			buildSettings = {
				ALWAYS_SEARCH_USER_PATHS = NO;
				CLANG_ANALYZER_NONNULL = YES;
				CLANG_ANALYZER_NUMBER_OBJECT_CONVERSION = YES_AGGRESSIVE;
				CLANG_CXX_LANGUAGE_STANDARD = "gnu++14";
				CLANG_CXX_LIBRARY = "libc++";
				CLANG_ENABLE_MODULES = YES;
				CLANG_ENABLE_OBJC_ARC = YES;
				CLANG_ENABLE_OBJC_WEAK = YES;
				CLANG_WARN_BLOCK_CAPTURE_AUTORELEASING = YES;
				CLANG_WARN_BOOL_CONVERSION = YES;
				CLANG_WARN_COMMA = YES;
				CLANG_WARN_CONSTANT_CONVERSION = YES;
				CLANG_WARN_DEPRECATED_OBJC_IMPLEMENTATIONS = YES;
				CLANG_WARN_DIRECT_OBJC_ISA_USAGE = YES_ERROR;
				CLANG_WARN_DOCUMENTATION_COMMENTS = YES;
				CLANG_WARN_EMPTY_BODY = YES;
				CLANG_WARN_ENUM_CONVERSION = YES;
				CLANG_WARN_INFINITE_RECURSION = YES;
				CLANG_WARN_INT_CONVERSION = YES;
				CLANG_WARN_NON_LITERAL_NULL_CONVERSION = YES;
				CLANG_WARN_OBJC_IMPLICIT_RETAIN_SELF = YES;
				CLANG_WARN_OBJC_LITERAL_CONVERSION = YES;
				CLANG_WARN_OBJC_ROOT_CLASS = YES_ERROR;
				CLANG_WARN_RANGE_LOOP_ANALYSIS = YES;
				CLANG_WARN_STRICT_PROTOTYPES = YES;
				CLANG_WARN_SUSPICIOUS_MOVE = YES;
				CLANG_WARN_UNGUARDED_AVAILABILITY = YES_AGGRESSIVE;
				CLANG_WARN_UNREACHABLE_CODE = YES;
				CLANG_WARN__DUPLICATE_METHOD_MATCH = YES;
				CODE_SIGN_IDENTITY = "iPhone Developer";
				COPY_PHASE_STRIP = NO;
				DEBUG_INFORMATION_FORMAT = "dwarf-with-dsym";
				ENABLE_NS_ASSERTIONS = NO;
				ENABLE_STRICT_OBJC_MSGSEND = YES;
				GCC_C_LANGUAGE_STANDARD = gnu11;
				GCC_NO_COMMON_BLOCKS = YES;
				GCC_WARN_64_TO_32_BIT_CONVERSION = YES;
				GCC_WARN_ABOUT_RETURN_TYPE = YES_ERROR;
				GCC_WARN_UNDECLARED_SELECTOR = YES;
				GCC_WARN_UNINITIALIZED_AUTOS = YES_AGGRESSIVE;
				GCC_WARN_UNUSED_FUNCTION = YES;
				GCC_WARN_UNUSED_VARIABLE = YES;
				IPHONEOS_DEPLOYMENT_TARGET = 11.3;
				MTL_ENABLE_DEBUG_INFO = NO;
				SDKROOT = iphoneos;
				SWIFT_COMPILATION_MODE = wholemodule;
				SWIFT_OPTIMIZATION_LEVEL = "-O";
				VALIDATE_PRODUCT = YES;
			};
			name = Release;
		};
		A0E56AE920B4C862005C11B7 /* Debug */ = {
			isa = XCBuildConfiguration;
			buildSettings = {
				ASSETCATALOG_COMPILER_APPICON_NAME = AppIcon;
				CODE_SIGN_STYLE = Automatic;
				DEVELOPMENT_TEAM = M9D5379H93;
				INFOPLIST_FILE = "QR Code Creator/Info.plist";
				LD_RUNPATH_SEARCH_PATHS = (
					"$(inherited)",
					"@executable_path/Frameworks",
				);
				MARKETING_VERSION = 2;
				PRODUCT_BUNDLE_IDENTIFIER = "com.onpointech.QR-Code-Creator";
				PRODUCT_NAME = "$(TARGET_NAME)";
				SWIFT_VERSION = 4.0;
				TARGETED_DEVICE_FAMILY = 1;
			};
			name = Debug;
		};
		A0E56AEA20B4C862005C11B7 /* Release */ = {
			isa = XCBuildConfiguration;
			buildSettings = {
				ASSETCATALOG_COMPILER_APPICON_NAME = AppIcon;
				CODE_SIGN_STYLE = Automatic;
				DEVELOPMENT_TEAM = M9D5379H93;
				INFOPLIST_FILE = "QR Code Creator/Info.plist";
				LD_RUNPATH_SEARCH_PATHS = (
					"$(inherited)",
					"@executable_path/Frameworks",
				);
				MARKETING_VERSION = 2;
				PRODUCT_BUNDLE_IDENTIFIER = "com.onpointech.QR-Code-Creator";
				PRODUCT_NAME = "$(TARGET_NAME)";
				SWIFT_VERSION = 4.0;
				TARGETED_DEVICE_FAMILY = 1;
			};
			name = Release;
		};
		A0E56AEC20B4C862005C11B7 /* Debug */ = {
			isa = XCBuildConfiguration;
			buildSettings = {
				ALWAYS_EMBED_SWIFT_STANDARD_LIBRARIES = YES;
				BUNDLE_LOADER = "$(TEST_HOST)";
				CODE_SIGN_STYLE = Automatic;
				DEVELOPMENT_TEAM = M9D5379H93;
				INFOPLIST_FILE = "QR Code CreatorTests/Info.plist";
				LD_RUNPATH_SEARCH_PATHS = (
					"$(inherited)",
					"@executable_path/Frameworks",
					"@loader_path/Frameworks",
				);
				PRODUCT_BUNDLE_IDENTIFIER = "com.onpointech.QR-Code-CreatorTests";
				PRODUCT_NAME = "$(TARGET_NAME)";
				SWIFT_VERSION = 4.0;
				TARGETED_DEVICE_FAMILY = "1,2";
				TEST_HOST = "$(BUILT_PRODUCTS_DIR)/QR Code Creator.app/QR Code Creator";
			};
			name = Debug;
		};
		A0E56AED20B4C862005C11B7 /* Release */ = {
			isa = XCBuildConfiguration;
			buildSettings = {
				ALWAYS_EMBED_SWIFT_STANDARD_LIBRARIES = YES;
				BUNDLE_LOADER = "$(TEST_HOST)";
				CODE_SIGN_STYLE = Automatic;
				DEVELOPMENT_TEAM = M9D5379H93;
				INFOPLIST_FILE = "QR Code CreatorTests/Info.plist";
				LD_RUNPATH_SEARCH_PATHS = (
					"$(inherited)",
					"@executable_path/Frameworks",
					"@loader_path/Frameworks",
				);
				PRODUCT_BUNDLE_IDENTIFIER = "com.onpointech.QR-Code-CreatorTests";
				PRODUCT_NAME = "$(TARGET_NAME)";
				SWIFT_VERSION = 4.0;
				TARGETED_DEVICE_FAMILY = "1,2";
				TEST_HOST = "$(BUILT_PRODUCTS_DIR)/QR Code Creator.app/QR Code Creator";
			};
			name = Release;
		};
		A0E56AEF20B4C862005C11B7 /* Debug */ = {
			isa = XCBuildConfiguration;
			buildSettings = {
				ALWAYS_EMBED_SWIFT_STANDARD_LIBRARIES = YES;
				CODE_SIGN_STYLE = Automatic;
				DEVELOPMENT_TEAM = M9D5379H93;
				INFOPLIST_FILE = "QR Code CreatorUITests/Info.plist";
				LD_RUNPATH_SEARCH_PATHS = (
					"$(inherited)",
					"@executable_path/Frameworks",
					"@loader_path/Frameworks",
				);
				PRODUCT_BUNDLE_IDENTIFIER = "com.onpointech.QR-Code-CreatorUITests";
				PRODUCT_NAME = "$(TARGET_NAME)";
				SWIFT_VERSION = 4.0;
				TARGETED_DEVICE_FAMILY = "1,2";
				TEST_TARGET_NAME = "QR Code Creator";
			};
			name = Debug;
		};
		A0E56AF020B4C862005C11B7 /* Release */ = {
			isa = XCBuildConfiguration;
			buildSettings = {
				ALWAYS_EMBED_SWIFT_STANDARD_LIBRARIES = YES;
				CODE_SIGN_STYLE = Automatic;
				DEVELOPMENT_TEAM = M9D5379H93;
				INFOPLIST_FILE = "QR Code CreatorUITests/Info.plist";
				LD_RUNPATH_SEARCH_PATHS = (
					"$(inherited)",
					"@executable_path/Frameworks",
					"@loader_path/Frameworks",
				);
				PRODUCT_BUNDLE_IDENTIFIER = "com.onpointech.QR-Code-CreatorUITests";
				PRODUCT_NAME = "$(TARGET_NAME)";
				SWIFT_VERSION = 4.0;
				TARGETED_DEVICE_FAMILY = "1,2";
				TEST_TARGET_NAME = "QR Code Creator";
			};
			name = Release;
		};
/* End XCBuildConfiguration section */

/* Begin XCConfigurationList section */
		A0E56ABB20B4C860005C11B7 /* Build configuration list for PBXProject "QR Code Creator" */ = {
			isa = XCConfigurationList;
			buildConfigurations = (
				A0E56AE620B4C862005C11B7 /* Debug */,
				A0E56AE720B4C862005C11B7 /* Release */,
			);
			defaultConfigurationIsVisible = 0;
			defaultConfigurationName = Release;
		};
		A0E56AE820B4C862005C11B7 /* Build configuration list for PBXNativeTarget "QR Code Creator" */ = {
			isa = XCConfigurationList;
			buildConfigurations = (
				A0E56AE920B4C862005C11B7 /* Debug */,
				A0E56AEA20B4C862005C11B7 /* Release */,
			);
			defaultConfigurationIsVisible = 0;
			defaultConfigurationName = Release;
		};
		A0E56AEB20B4C862005C11B7 /* Build configuration list for PBXNativeTarget "QR Code CreatorTests" */ = {
			isa = XCConfigurationList;
			buildConfigurations = (
				A0E56AEC20B4C862005C11B7 /* Debug */,
				A0E56AED20B4C862005C11B7 /* Release */,
			);
			defaultConfigurationIsVisible = 0;
			defaultConfigurationName = Release;
		};
		A0E56AEE20B4C862005C11B7 /* Build configuration list for PBXNativeTarget "QR Code CreatorUITests" */ = {
			isa = XCConfigurationList;
			buildConfigurations = (
				A0E56AEF20B4C862005C11B7 /* Debug */,
				A0E56AF020B4C862005C11B7 /* Release */,
			);
			defaultConfigurationIsVisible = 0;
			defaultConfigurationName = Release;
		};
/* End XCConfigurationList section */
	};
	rootObject = A0E56AB820B4C860005C11B7 /* Project object */;
}
